// !$*UTF8*$!
{
	archiveVersion = 1;
	classes = {
	};
	objectVersion = 46;
	objects = {

/* Begin PBXBuildFile section */
		171ACCFB1ED56C69002C5512 /* souffrirok.mp3 in Resources */ = {isa = PBXBuildFile; fileRef = 171ACCFA1ED56C69002C5512 /* souffrirok.mp3 */; };
		172A44571ED598FA008CD0C2 /* allusion.mp3 in Resources */ = {isa = PBXBuildFile; fileRef = 172A44561ED598FA008CD0C2 /* allusion.mp3 */; };
		172A44591ED5A3BB008CD0C2 /* MemeDatabase.swift in Sources */ = {isa = PBXBuildFile; fileRef = 172A44581ED5A3BB008CD0C2 /* MemeDatabase.swift */; };
		5C54ADD51ED4B32E00D537F6 /* AppDelegate.swift in Sources */ = {isa = PBXBuildFile; fileRef = 5C54ADD41ED4B32E00D537F6 /* AppDelegate.swift */; };
		5C54ADD71ED4B32E00D537F6 /* MainViewController.swift in Sources */ = {isa = PBXBuildFile; fileRef = 5C54ADD61ED4B32E00D537F6 /* MainViewController.swift */; };
		5C54ADDA1ED4B32E00D537F6 /* Main.storyboard in Resources */ = {isa = PBXBuildFile; fileRef = 5C54ADD81ED4B32E00D537F6 /* Main.storyboard */; };
		5C54ADDC1ED4B32E00D537F6 /* Assets.xcassets in Resources */ = {isa = PBXBuildFile; fileRef = 5C54ADDB1ED4B32E00D537F6 /* Assets.xcassets */; };
		5C54ADDF1ED4B32E00D537F6 /* LaunchScreen.storyboard in Resources */ = {isa = PBXBuildFile; fileRef = 5C54ADDD1ED4B32E00D537F6 /* LaunchScreen.storyboard */; };
		5C54ADE81ED4B7F800D537F6 /* ah.mp3 in Resources */ = {isa = PBXBuildFile; fileRef = 5C54ADE71ED4B7F800D537F6 /* ah.mp3 */; };
		5C54ADEC1ED4D1C500D537F6 /* maisouicestclair.mp3 in Resources */ = {isa = PBXBuildFile; fileRef = 5C54ADEB1ED4D1C500D537F6 /* maisouicestclair.mp3 */; };
/* End PBXBuildFile section */

/* Begin PBXFileReference section */
		171ACCFA1ED56C69002C5512 /* souffrirok.mp3 */ = {isa = PBXFileReference; lastKnownFileType = audio.mp3; name = souffrirok.mp3; path = ../MARCWIESER/app/src/main/res/raw/souffrirok.mp3; sourceTree = "<group>"; };
		172A44561ED598FA008CD0C2 /* allusion.mp3 */ = {isa = PBXFileReference; lastKnownFileType = audio.mp3; name = allusion.mp3; path = ../allusion.mp3; sourceTree = "<group>"; };
		172A44581ED5A3BB008CD0C2 /* MemeDatabase.swift */ = {isa = PBXFileReference; fileEncoding = 4; lastKnownFileType = sourcecode.swift; path = MemeDatabase.swift; sourceTree = "<group>"; };
		5C54ADD11ED4B32E00D537F6 /* MemeBox.app */ = {isa = PBXFileReference; explicitFileType = wrapper.application; includeInIndex = 0; path = MemeBox.app; sourceTree = BUILT_PRODUCTS_DIR; };
		5C54ADD41ED4B32E00D537F6 /* AppDelegate.swift */ = {isa = PBXFileReference; lastKnownFileType = sourcecode.swift; path = AppDelegate.swift; sourceTree = "<group>"; };
		5C54ADD61ED4B32E00D537F6 /* MainViewController.swift */ = {isa = PBXFileReference; lastKnownFileType = sourcecode.swift; path = MainViewController.swift; sourceTree = "<group>"; };
		5C54ADD91ED4B32E00D537F6 /* Base */ = {isa = PBXFileReference; lastKnownFileType = file.storyboard; name = Base; path = Base.lproj/Main.storyboard; sourceTree = "<group>"; };
		5C54ADDB1ED4B32E00D537F6 /* Assets.xcassets */ = {isa = PBXFileReference; lastKnownFileType = folder.assetcatalog; path = Assets.xcassets; sourceTree = "<group>"; };
		5C54ADDE1ED4B32E00D537F6 /* Base */ = {isa = PBXFileReference; lastKnownFileType = file.storyboard; name = Base; path = Base.lproj/LaunchScreen.storyboard; sourceTree = "<group>"; };
		5C54ADE01ED4B32E00D537F6 /* Info.plist */ = {isa = PBXFileReference; lastKnownFileType = text.plist.xml; path = Info.plist; sourceTree = "<group>"; };
		5C54ADE71ED4B7F800D537F6 /* ah.mp3 */ = {isa = PBXFileReference; lastKnownFileType = audio.mp3; path = ah.mp3; sourceTree = "<group>"; };
		5C54ADEB1ED4D1C500D537F6 /* maisouicestclair.mp3 */ = {isa = PBXFileReference; lastKnownFileType = audio.mp3; path = maisouicestclair.mp3; sourceTree = "<group>"; };
/* End PBXFileReference section */

/* Begin PBXFrameworksBuildPhase section */
		5C54ADCE1ED4B32E00D537F6 /* Frameworks */ = {
			isa = PBXFrameworksBuildPhase;
			buildActionMask = 2147483647;
			files = (
			);
			runOnlyForDeploymentPostprocessing = 0;
		};
/* End PBXFrameworksBuildPhase section */

/* Begin PBXGroup section */
		5C54ADC81ED4B32E00D537F6 = {
			isa = PBXGroup;
			children = (
				5C54ADE61ED4B7E200D537F6 /* Resources */,
				5C54ADD31ED4B32E00D537F6 /* MemeBox */,
				5C54ADD21ED4B32E00D537F6 /* Products */,
			);
			sourceTree = "<group>";
		};
		5C54ADD21ED4B32E00D537F6 /* Products */ = {
			isa = PBXGroup;
			children = (
				5C54ADD11ED4B32E00D537F6 /* MemeBox.app */,
			);
			name = Products;
			sourceTree = "<group>";
		};
		5C54ADD31ED4B32E00D537F6 /* MemeBox */ = {
			isa = PBXGroup;
			children = (
				5C54ADD41ED4B32E00D537F6 /* AppDelegate.swift */,
				5C54ADD61ED4B32E00D537F6 /* MainViewController.swift */,
				5C54ADD81ED4B32E00D537F6 /* Main.storyboard */,
				5C54ADDB1ED4B32E00D537F6 /* Assets.xcassets */,
				5C54ADDD1ED4B32E00D537F6 /* LaunchScreen.storyboard */,
				5C54ADE01ED4B32E00D537F6 /* Info.plist */,
				172A44581ED5A3BB008CD0C2 /* MemeDatabase.swift */,
			);
			path = MemeBox;
			sourceTree = "<group>";
		};
		5C54ADE61ED4B7E200D537F6 /* Resources */ = {
			isa = PBXGroup;
			children = (
				172A44561ED598FA008CD0C2 /* allusion.mp3 */,
				171ACCFA1ED56C69002C5512 /* souffrirok.mp3 */,
				5C54ADEB1ED4D1C500D537F6 /* maisouicestclair.mp3 */,
				5C54ADE71ED4B7F800D537F6 /* ah.mp3 */,
			);
			name = Resources;
			sourceTree = "<group>";
		};
/* End PBXGroup section */

/* Begin PBXNativeTarget section */
		5C54ADD01ED4B32E00D537F6 /* MemeBox */ = {
			isa = PBXNativeTarget;
			buildConfigurationList = 5C54ADE31ED4B32E00D537F6 /* Build configuration list for PBXNativeTarget "MemeBox" */;
			buildPhases = (
				5C54ADCD1ED4B32E00D537F6 /* Sources */,
				5C54ADCE1ED4B32E00D537F6 /* Frameworks */,
				5C54ADCF1ED4B32E00D537F6 /* Resources */,
			);
			buildRules = (
			);
			dependencies = (
			);
			name = MemeBox;
			productName = MemeBox;
			productReference = 5C54ADD11ED4B32E00D537F6 /* MemeBox.app */;
			productType = "com.apple.product-type.application";
		};
/* End PBXNativeTarget section */

/* Begin PBXProject section */
		5C54ADC91ED4B32E00D537F6 /* Project object */ = {
			isa = PBXProject;
			attributes = {
				LastSwiftUpdateCheck = 0830;
				LastUpgradeCheck = 0830;
				ORGANIZATIONNAME = florianhuet;
				TargetAttributes = {
					5C54ADD01ED4B32E00D537F6 = {
						CreatedOnToolsVersion = 8.3.2;
						DevelopmentTeam = 22PBQ6XU26;
						ProvisioningStyle = Automatic;
					};
				};
			};
			buildConfigurationList = 5C54ADCC1ED4B32E00D537F6 /* Build configuration list for PBXProject "MemeBox" */;
			compatibilityVersion = "Xcode 3.2";
			developmentRegion = English;
			hasScannedForEncodings = 0;
			knownRegions = (
				en,
				Base,
			);
			mainGroup = 5C54ADC81ED4B32E00D537F6;
			productRefGroup = 5C54ADD21ED4B32E00D537F6 /* Products */;
			projectDirPath = "";
			projectRoot = "";
			targets = (
				5C54ADD01ED4B32E00D537F6 /* MemeBox */,
			);
		};
/* End PBXProject section */

/* Begin PBXResourcesBuildPhase section */
		5C54ADCF1ED4B32E00D537F6 /* Resources */ = {
			isa = PBXResourcesBuildPhase;
			buildActionMask = 2147483647;
			files = (
				172A44571ED598FA008CD0C2 /* allusion.mp3 in Resources */,
				5C54ADEC1ED4D1C500D537F6 /* maisouicestclair.mp3 in Resources */,
				5C54ADDF1ED4B32E00D537F6 /* LaunchScreen.storyboard in Resources */,
				171ACCFB1ED56C69002C5512 /* souffrirok.mp3 in Resources */,
				5C54ADDC1ED4B32E00D537F6 /* Assets.xcassets in Resources */,
				5C54ADE81ED4B7F800D537F6 /* ah.mp3 in Resources */,
				5C54ADDA1ED4B32E00D537F6 /* Main.storyboard in Resources */,
			);
			runOnlyForDeploymentPostprocessing = 0;
		};
/* End PBXResourcesBuildPhase section */

/* Begin PBXSourcesBuildPhase section */
		5C54ADCD1ED4B32E00D537F6 /* Sources */ = {
			isa = PBXSourcesBuildPhase;
			buildActionMask = 2147483647;
			files = (
				172A44591ED5A3BB008CD0C2 /* MemeDatabase.swift in Sources */,
				5C54ADD71ED4B32E00D537F6 /* MainViewController.swift in Sources */,
				5C54ADD51ED4B32E00D537F6 /* AppDelegate.swift in Sources */,
			);
			runOnlyForDeploymentPostprocessing = 0;
		};
/* End PBXSourcesBuildPhase section */

/* Begin PBXVariantGroup section */
		5C54ADD81ED4B32E00D537F6 /* Main.storyboard */ = {
			isa = PBXVariantGroup;
			children = (
				5C54ADD91ED4B32E00D537F6 /* Base */,
			);
			name = Main.storyboard;
			sourceTree = "<group>";
		};
		5C54ADDD1ED4B32E00D537F6 /* LaunchScreen.storyboard */ = {
			isa = PBXVariantGroup;
			children = (
				5C54ADDE1ED4B32E00D537F6 /* Base */,
			);
			name = LaunchScreen.storyboard;
			sourceTree = "<group>";
		};
/* End PBXVariantGroup section */

/* Begin XCBuildConfiguration section */
		5C54ADE11ED4B32E00D537F6 /* Debug */ = {
			isa = XCBuildConfiguration;
			buildSettings = {
				ALWAYS_SEARCH_USER_PATHS = NO;
				CLANG_ANALYZER_NONNULL = YES;
				CLANG_ANALYZER_NUMBER_OBJECT_CONVERSION = YES_AGGRESSIVE;
				CLANG_CXX_LANGUAGE_STANDARD = "gnu++0x";
				CLANG_CXX_LIBRARY = "libc++";
				CLANG_ENABLE_MODULES = YES;
				CLANG_ENABLE_OBJC_ARC = YES;
				CLANG_WARN_BOOL_CONVERSION = YES;
				CLANG_WARN_CONSTANT_CONVERSION = YES;
				CLANG_WARN_DIRECT_OBJC_ISA_USAGE = YES_ERROR;
				CLANG_WARN_DOCUMENTATION_COMMENTS = YES;
				CLANG_WARN_EMPTY_BODY = YES;
				CLANG_WARN_ENUM_CONVERSION = YES;
				CLANG_WARN_INFINITE_RECURSION = YES;
				CLANG_WARN_INT_CONVERSION = YES;
				CLANG_WARN_OBJC_ROOT_CLASS = YES_ERROR;
				CLANG_WARN_SUSPICIOUS_MOVE = YES;
				CLANG_WARN_UNREACHABLE_CODE = YES;
				CLANG_WARN__DUPLICATE_METHOD_MATCH = YES;
				"CODE_SIGN_IDENTITY[sdk=iphoneos*]" = "iPhone Developer";
				COPY_PHASE_STRIP = NO;
				DEBUG_INFORMATION_FORMAT = dwarf;
				ENABLE_STRICT_OBJC_MSGSEND = YES;
				ENABLE_TESTABILITY = YES;
				GCC_C_LANGUAGE_STANDARD = gnu99;
				GCC_DYNAMIC_NO_PIC = NO;
				GCC_NO_COMMON_BLOCKS = YES;
				GCC_OPTIMIZATION_LEVEL = 0;
				GCC_PREPROCESSOR_DEFINITIONS = (
					"DEBUG=1",
					"$(inherited)",
				);
				GCC_WARN_64_TO_32_BIT_CONVERSION = YES;
				GCC_WARN_ABOUT_RETURN_TYPE = YES_ERROR;
				GCC_WARN_UNDECLARED_SELECTOR = YES;
				GCC_WARN_UNINITIALIZED_AUTOS = YES_AGGRESSIVE;
				GCC_WARN_UNUSED_FUNCTION = YES;
				GCC_WARN_UNUSED_VARIABLE = YES;
				IPHONEOS_DEPLOYMENT_TARGET = 10.3;
				MTL_ENABLE_DEBUG_INFO = YES;
				ONLY_ACTIVE_ARCH = YES;
				SDKROOT = iphoneos;
				SWIFT_ACTIVE_COMPILATION_CONDITIONS = DEBUG;
				SWIFT_OPTIMIZATION_LEVEL = "-Onone";
				TARGETED_DEVICE_FAMILY = "1,2";
			};
			name = Debug;
		};
		5C54ADE21ED4B32E00D537F6 /* Release */ = {
			isa = XCBuildConfiguration;
			buildSettings = {
				ALWAYS_SEARCH_USER_PATHS = NO;
				CLANG_ANALYZER_NONNULL = YES;
				CLANG_ANALYZER_NUMBER_OBJECT_CONVERSION = YES_AGGRESSIVE;
				CLANG_CXX_LANGUAGE_STANDARD = "gnu++0x";
				CLANG_CXX_LIBRARY = "libc++";
				CLANG_ENABLE_MODULES = YES;
				CLANG_ENABLE_OBJC_ARC = YES;
				CLANG_WARN_BOOL_CONVERSION = YES;
				CLANG_WARN_CONSTANT_CONVERSION = YES;
				CLANG_WARN_DIRECT_OBJC_ISA_USAGE = YES_ERROR;
				CLANG_WARN_DOCUMENTATION_COMMENTS = YES;
				CLANG_WARN_EMPTY_BODY = YES;
				CLANG_WARN_ENUM_CONVERSION = YES;
				CLANG_WARN_INFINITE_RECURSION = YES;
				CLANG_WARN_INT_CONVERSION = YES;
				CLANG_WARN_OBJC_ROOT_CLASS = YES_ERROR;
				CLANG_WARN_SUSPICIOUS_MOVE = YES;
				CLANG_WARN_UNREACHABLE_CODE = YES;
				CLANG_WARN__DUPLICATE_METHOD_MATCH = YES;
				"CODE_SIGN_IDENTITY[sdk=iphoneos*]" = "iPhone Developer";
				COPY_PHASE_STRIP = NO;
				DEBUG_INFORMATION_FORMAT = "dwarf-with-dsym";
				ENABLE_NS_ASSERTIONS = NO;
				ENABLE_STRICT_OBJC_MSGSEND = YES;
				GCC_C_LANGUAGE_STANDARD = gnu99;
				GCC_NO_COMMON_BLOCKS = YES;
				GCC_WARN_64_TO_32_BIT_CONVERSION = YES;
				GCC_WARN_ABOUT_RETURN_TYPE = YES_ERROR;
				GCC_WARN_UNDECLARED_SELECTOR = YES;
				GCC_WARN_UNINITIALIZED_AUTOS = YES_AGGRESSIVE;
				GCC_WARN_UNUSED_FUNCTION = YES;
				GCC_WARN_UNUSED_VARIABLE = YES;
				IPHONEOS_DEPLOYMENT_TARGET = 10.3;
				MTL_ENABLE_DEBUG_INFO = NO;
				SDKROOT = iphoneos;
				SWIFT_OPTIMIZATION_LEVEL = "-Owholemodule";
				TARGETED_DEVICE_FAMILY = "1,2";
				VALIDATE_PRODUCT = YES;
			};
			name = Release;
		};
		5C54ADE41ED4B32E00D537F6 /* Debug */ = {
			isa = XCBuildConfiguration;
			buildSettings = {
				ASSETCATALOG_COMPILER_APPICON_NAME = AppIcon;
				DEVELOPMENT_TEAM = 22PBQ6XU26;
				INFOPLIST_FILE = MemeBox/Info.plist;
				IPHONEOS_DEPLOYMENT_TARGET = 10.0;
				LD_RUNPATH_SEARCH_PATHS = "$(inherited) @executable_path/Frameworks";
				PRODUCT_BUNDLE_IDENTIFIER = florian.huet.MemeBox;
				PRODUCT_NAME = "$(TARGET_NAME)";
				SWIFT_VERSION = 3.0;
			};
			name = Debug;
		};
		5C54ADE51ED4B32E00D537F6 /* Release */ = {
			isa = XCBuildConfiguration;
			buildSettings = {
				ASSETCATALOG_COMPILER_APPICON_NAME = AppIcon;
				DEVELOPMENT_TEAM = 22PBQ6XU26;
				INFOPLIST_FILE = MemeBox/Info.plist;
				IPHONEOS_DEPLOYMENT_TARGET = 10.0;
				LD_RUNPATH_SEARCH_PATHS = "$(inherited) @executable_path/Frameworks";
				PRODUCT_BUNDLE_IDENTIFIER = florian.huet.MemeBox;
				PRODUCT_NAME = "$(TARGET_NAME)";
				SWIFT_VERSION = 3.0;
			};
			name = Release;
		};
/* End XCBuildConfiguration section */

/* Begin XCConfigurationList section */
		5C54ADCC1ED4B32E00D537F6 /* Build configuration list for PBXProject "MemeBox" */ = {
			isa = XCConfigurationList;
			buildConfigurations = (
				5C54ADE11ED4B32E00D537F6 /* Debug */,
				5C54ADE21ED4B32E00D537F6 /* Release */,
			);
			defaultConfigurationIsVisible = 0;
			defaultConfigurationName = Release;
		};
		5C54ADE31ED4B32E00D537F6 /* Build configuration list for PBXNativeTarget "MemeBox" */ = {
			isa = XCConfigurationList;
			buildConfigurations = (
				5C54ADE41ED4B32E00D537F6 /* Debug */,
				5C54ADE51ED4B32E00D537F6 /* Release */,
			);
			defaultConfigurationIsVisible = 0;
			defaultConfigurationName = Release;
		};
/* End XCConfigurationList section */
	};
	rootObject = 5C54ADC91ED4B32E00D537F6 /* Project object */;
}
